
Microsoft Visual Studio Solution File, Format Version 12.00
# Visual Studio Version 16
VisualStudioVersion = 16.0.31410.357
MinimumVisualStudioVersion = 10.0.40219.1
Project("{FAE04EC0-301F-11D3-BF4B-00C04F79EFBC}") = "DAY_6_Assignment6", "DAY_6_Assignment6\DAY_6_Assignment6.csproj", "{73EED520-F1A8-40E8-B306-AEB827C761E5}"
EndProject
Global
	GlobalSection(SolutionConfigurationPlatforms) = preSolution
		Debug|Any CPU = Debug|Any CPU
		Release|Any CPU = Release|Any CPU
	EndGlobalSection
	GlobalSection(ProjectConfigurationPlatforms) = postSolution
		{73EED520-F1A8-40E8-B306-AEB827C761E5}.Debug|Any CPU.ActiveCfg = Debug|Any CPU
		{73EED520-F1A8-40E8-B306-AEB827C761E5}.Debug|Any CPU.Build.0 = Debug|Any CPU
		{73EED520-F1A8-40E8-B306-AEB827C761E5}.Release|Any CPU.ActiveCfg = Release|Any CPU
		{73EED520-F1A8-40E8-B306-AEB827C761E5}.Release|Any CPU.Build.0 = Release|Any CPU
	EndGlobalSection
	GlobalSection(SolutionProperties) = preSolution
		HideSolutionNode = FALSE
	EndGlobalSection
	GlobalSection(ExtensibilityGlobals) = postSolution
		SolutionGuid = {5E21B225-E72E-45D8-BBBC-A0502A656254}
	EndGlobalSection
EndGlobal
